// !$*UTF8*$!
{
	archiveVersion = 1;
	classes = {
	};
	objectVersion = 56;
	objects = {

/* Begin PBXBuildFile section */
		ChumianBrowserAppSwift = ChumianBrowserApp.swift in Sources;
		BookmarkSwift = Bookmark.swift in Sources;
		HistoryItemSwift = HistoryItem.swift in Sources;
		DownloadItemSwift = DownloadItem.swift in Sources;
		BookmarkManagerSwift = BookmarkManager.swift in Sources;
		HistoryManagerSwift = HistoryManager.swift in Sources;
		DownloadManagerSwift = DownloadManager.swift in Sources;
		SettingsManagerSwift = SettingsManager.swift in Sources;
		ContentViewSwift = ContentView.swift in Sources;
		BrowserViewSwift = BrowserView.swift in Sources;
		BookmarksViewSwift = BookmarksView.swift in Sources;
		HistoryViewSwift = HistoryView.swift in Sources;
		DownloadsViewSwift = DownloadsView.swift in Sources;
		SettingsViewSwift = SettingsView.swift in Sources;
		ViewSourceViewSwift = ViewSourceView.swift in Sources;
		SecurityInfoViewSwift = SecurityInfoView.swift in Sources;
		Assets = Assets.xcassets in Resources;
		PreviewAssets = Preview Assets.xcassets in Resources;
/* End PBXBuildFile section */

/* Begin PBXFileReference section */
		ChumianBrowserApp = ChumianBrowser.app;
		ChumianBrowserAppSwiftRef = ChumianBrowserApp.swift;
		BookmarkSwiftRef = Bookmark.swift;
		HistoryItemSwiftRef = HistoryItem.swift;
		DownloadItemSwiftRef = DownloadItem.swift;
		BookmarkManagerSwiftRef = BookmarkManager.swift;
		HistoryManagerSwiftRef = HistoryManager.swift;
		DownloadManagerSwiftRef = DownloadManager.swift;
		SettingsManagerSwiftRef = SettingsManager.swift;
		ContentViewSwiftRef = ContentView.swift;
		BrowserViewSwiftRef = BrowserView.swift;
		BookmarksViewSwiftRef = BookmarksView.swift;
		HistoryViewSwiftRef = HistoryView.swift;
		DownloadsViewSwiftRef = DownloadsView.swift;
		SettingsViewSwiftRef = SettingsView.swift;
		ViewSourceViewSwiftRef = ViewSourceView.swift;
		SecurityInfoViewSwiftRef = SecurityInfoView.swift;
		InfoPlist = Info.plist;
		AssetsRef = Assets.xcassets;
		PreviewAssetsRef = Preview Assets.xcassets;
		ProjectRef = ChumianBrowser.app;
/* End PBXFileReference section */

/* Begin PBXFrameworksBuildPhase section */
		FrameworksBuildPhase = {
			isa = PBXFrameworksBuildPhase;
			buildActionMask = 2147483647;
			files = (
			);
			runOnlyForDeploymentPostprocessing = 0;
		};
/* End PBXFrameworksBuildPhase section */

/* Begin PBXGroup section */
		MainGroup = {
			isa = PBXGroup;
			children = (
				ChumianBrowserGroup,
				ProductsGroup,
			);
			sourceTree = "<group>";
		};
		ChumianBrowserGroup = {
			isa = PBXGroup;
			children = (
				ChumianBrowserAppSwiftRef,
				ModelsGroup,
				ManagersGroup,
				ViewsGroup,
				AssetsRef,
				PreviewContentGroup,
				InfoPlist,
			);
			path = ChumianBrowser;
			sourceTree = "<group>";
		};
		ModelsGroup = {
			isa = PBXGroup;
			children = (
				BookmarkSwiftRef,
				HistoryItemSwiftRef,
				DownloadItemSwiftRef,
			);
			path = Models;
			sourceTree = "<group>";
		};
		ManagersGroup = {
			isa = PBXGroup;
			children = (
				BookmarkManagerSwiftRef,
				HistoryManagerSwiftRef,
				DownloadManagerSwiftRef,
				SettingsManagerSwiftRef,
			);
			path = Managers;
			sourceTree = "<group>";
		};
		ViewsGroup = {
			isa = PBXGroup;
			children = (
				ContentViewSwiftRef,
				BrowserViewSwiftRef,
				BookmarksViewSwiftRef,
				HistoryViewSwiftRef,
				DownloadsViewSwiftRef,
				SettingsViewSwiftRef,
				ViewSourceViewSwiftRef,
				SecurityInfoViewSwiftRef,
			);
			path = Views;
			sourceTree = "<group>";
		};
		PreviewContentGroup = {
			isa = PBXGroup;
			children = (
				PreviewAssetsRef,
			);
			path = "Preview Content";
			sourceTree = "<group>";
		};
		ProductsGroup = {
			isa = PBXGroup;
			children = (
				ChumianBrowserApp,
			);
			name = Products;
			sourceTree = "<group>";
		};
/* End PBXGroup section */

/* Begin PBXNativeTarget section */
		ChumianBrowserTarget = {
			isa = PBXNativeTarget;
			buildConfigurationList = ChumianBrowserTargetBuildConfigList;
			buildPhases = (
				SourcesBuildPhase,
				FrameworksBuildPhase,
				ResourcesBuildPhase,
			);
			buildRules = (
			);
			dependencies = (
			);
			name = ChumianBrowser;
			productName = ChumianBrowser;
			productReference = ChumianBrowserApp;
			productType = "com.apple.product-type.application";
		};
/* End PBXNativeTarget section */

/* Begin PBXProject section */
		ProjectObject = {
			isa = PBXProject;
			attributes = {
				BuildIndependentTargetsInParallel = 1;
				LastSwiftUpdateCheck = 1500;
				LastUpgradeCheck = 1500;
				TargetAttributes = {
					ChumianBrowserTarget = {
						CreatedOnToolsVersion = 15.0;
					};
				};
			};
			buildConfigurationList = ProjectBuildConfigList;
			compatibilityVersion = "Xcode 14.0";
			developmentRegion = en;
			hasScannedForEncodings = 0;
			knownRegions = (
				en,
				Base,
			);
			mainGroup = MainGroup;
			productRefGroup = ProductsGroup;
			projectDirPath = "";
			projectRoot = "";
			targets = (
				ChumianBrowserTarget,
			);
		};
/* End PBXProject section */

/* Begin PBXResourcesBuildPhase section */
		ResourcesBuildPhase = {
			isa = PBXResourcesBuildPhase;
			buildActionMask = 2147483647;
			files = (
				Assets,
				PreviewAssets,
			);
			runOnlyForDeploymentPostprocessing = 0;
		};
/* End PBXResourcesBuildPhase section */

/* Begin PBXSourcesBuildPhase section */
		SourcesBuildPhase = {
			isa = PBXSourcesBuildPhase;
			buildActionMask = 2147483647;
			files = (
				ChumianBrowserAppSwift,
				BookmarkSwift,
				HistoryItemSwift,
				DownloadItemSwift,
				BookmarkManagerSwift,
				HistoryManagerSwift,
				DownloadManagerSwift,
				SettingsManagerSwift,
				ContentViewSwift,
				BrowserViewSwift,
				BookmarksViewSwift,
				HistoryViewSwift,
				DownloadsViewSwift,
				SettingsViewSwift,
				ViewSourceViewSwift,
				SecurityInfoViewSwift,
			);
			runOnlyForDeploymentPostprocessing = 0;
		};
/* End PBXSourcesBuildPhase section */

/* Begin XCBuildConfiguration section */
		ProjectDebugConfig = {
			isa = XCBuildConfiguration;
			buildSettings = {
				ALWAYS_SEARCH_USER_PATHS = NO;
				CLANG_ANALYZER_NONNULL = YES;
				CLANG_ANALYZER_NUMBER_OBJECT_CONVERSION = YES_AGGRESSIVE;
				CLANG_CXX_LANGUAGE_STANDARD = "gnu++20";
				CLANG_ENABLE_MODULES = YES;
				CLANG_ENABLE_OBJC_ARC = YES;
				CLANG_ENABLE_OBJC_WEAK = YES;
				CLANG_WARN_BLOCK_CAPTURE_AUTORELEASING = YES;
				CLANG_WARN_BOOL_CONVERSION = YES;
				CLANG_WARN_COMMA = YES;
				CLANG_WARN_CONSTANT_CONVERSION = YES;
				CLANG_WARN_DEPRECATED_OBJC_IMPLEMENTATIONS = YES;
				CLANG_WARN_DIRECT_OBJC_ISA_USAGE = YES_ERROR;
				CLANG_WARN_DOCUMENTATION_COMMENTS = YES;
				CLANG_WARN_EMPTY_BODY = YES;
				CLANG_WARN_ENUM_CONVERSION = YES;
				CLANG_WARN_INFINITE_RECURSION = YES;
				CLANG_WARN_INT_CONVERSION = YES;
				CLANG_WARN_NON_LITERAL_NULL_CONVERSION = YES;
				CLANG_WARN_OBJC_IMPLICIT_RETAIN_SELF = YES;
				CLANG_WARN_OBJC_LITERAL_CONVERSION = YES;
				CLANG_WARN_OBJC_ROOT_CLASS = YES_ERROR;
				CLANG_WARN_QUOTED_INCLUDE_IN_FRAMEWORK_HEADER = YES;
				CLANG_WARN_RANGE_LOOP_ANALYSIS = YES;
				CLANG_WARN_STRICT_PROTOTYPES = YES;
				CLANG_WARN_SUSPICIOUS_MOVE = YES;
				CLANG_WARN_UNGUARDED_AVAILABILITY = YES_AGGRESSIVE;
				CLANG_WARN_UNREACHABLE_CODE = YES;
				CLANG_WARN__DUPLICATE_METHOD_MATCH = YES;
				COPY_PHASE_STRIP = NO;
				DEBUG_INFORMATION_FORMAT = dwarf;
				ENABLE_STRICT_OBJC_MSGSEND = YES;
				ENABLE_TESTABILITY = YES;
				ENABLE_USER_SCRIPT_SANDBOXING = YES;
				GCC_C_LANGUAGE_STANDARD = gnu17;
				GCC_DYNAMIC_NO_PIC = NO;
				GCC_NO_COMMON_BLOCKS = YES;
				GCC_OPTIMIZATION_LEVEL = 0;
				GCC_PREPROCESSOR_DEFINITIONS = (
					"DEBUG=1",
					"$(inherited)",
				);
				GCC_WARN_64_TO_32_BIT_CONVERSION = YES;
				GCC_WARN_ABOUT_RETURN_TYPE = YES_ERROR;
				GCC_WARN_UNDECLARED_SELECTOR = YES;
				GCC_WARN_UNINITIALIZED_AUTOS = YES_AGGRESSIVE;
				GCC_WARN_UNUSED_FUNCTION = YES;
				GCC_WARN_UNUSED_VARIABLE = YES;
				IPHONEOS_DEPLOYMENT_TARGET = 15.0;
				MTL_ENABLE_DEBUG_INFO = INCLUDE_SOURCE;
				MTL_FAST_MATH = YES;
				ONLY_ACTIVE_ARCH = YES;
				SDKROOT = iphoneos;
				SWIFT_ACTIVE_COMPILATION_CONDITIONS = DEBUG;
				SWIFT_OPTIMIZATION_LEVEL = "-Onone";
			};
			name = Debug;
		};
		ProjectReleaseConfig = {
			isa = XCBuildConfiguration;
			buildSettings = {
				ALWAYS_SEARCH_USER_PATHS = NO;
				CLANG_ANALYZER_NONNULL = YES;
				CLANG_ANALYZER_NUMBER_OBJECT_CONVERSION = YES_AGGRESSIVE;
				CLANG_CXX_LANGUAGE_STANDARD = "gnu++20";
				CLANG_ENABLE_MODULES = YES;
				CLANG_ENABLE_OBJC_ARC = YES;
				CLANG_ENABLE_OBJC_WEAK = YES;
				CLANG_WARN_BLOCK_CAPTURE_AUTORELEASING = YES;
				CLANG_WARN_BOOL_CONVERSION = YES;
				CLANG_WARN_COMMA = YES;
				CLANG_WARN_CONSTANT_CONVERSION = YES;
				CLANG_WARN_DEPRECATED_OBJC_IMPLEMENTATIONS = YES;
				CLANG_WARN_DIRECT_OBJC_ISA_USAGE = YES_ERROR;
				CLANG_WARN_DOCUMENTATION_COMMENTS = YES;
				CLANG_WARN_EMPTY_BODY = YES;
				CLANG_WARN_ENUM_CONVERSION = YES;
				CLANG_WARN_INFINITE_RECURSION = YES;
				CLANG_WARN_INT_CONVERSION = YES;
				CLANG_WARN_NON_LITERAL_NULL_CONVERSION = YES;
				CLANG_WARN_OBJC_IMPLICIT_RETAIN_SELF = YES;
				CLANG_WARN_OBJC_LITERAL_CONVERSION = YES;
				CLANG_WARN_OBJC_ROOT_CLASS = YES_ERROR;
				CLANG_WARN_QUOTED_INCLUDE_IN_FRAMEWORK_HEADER = YES;
				CLANG_WARN_RANGE_LOOP_ANALYSIS = YES;
				CLANG_WARN_STRICT_PROTOTYPES = YES;
				CLANG_WARN_SUSPICIOUS_MOVE = YES;
				CLANG_WARN_UNGUARDED_AVAILABILITY = YES_AGGRESSIVE;
				CLANG_WARN_UNREACHABLE_CODE = YES;
				CLANG_WARN__DUPLICATE_METHOD_MATCH = YES;
				COPY_PHASE_STRIP = NO;
				DEBUG_INFORMATION_FORMAT = "dwarf-with-dsym";
				ENABLE_NS_ASSERTIONS = NO;
				ENABLE_STRICT_OBJC_MSGSEND = YES;
				ENABLE_USER_SCRIPT_SANDBOXING = YES;
				GCC_C_LANGUAGE_STANDARD = gnu17;
				GCC_NO_COMMON_BLOCKS = YES;
				GCC_WARN_64_TO_32_BIT_CONVERSION = YES;
				GCC_WARN_ABOUT_RETURN_TYPE = YES_ERROR;
				GCC_WARN_UNDECLARED_SELECTOR = YES;
				GCC_WARN_UNINITIALIZED_AUTOS = YES_AGGRESSIVE;
				GCC_WARN_UNUSED_FUNCTION = YES;
				GCC_WARN_UNUSED_VARIABLE = YES;
				IPHONEOS_DEPLOYMENT_TARGET = 15.0;
				MTL_ENABLE_DEBUG_INFO = NO;
				MTL_FAST_MATH = YES;
				SDKROOT = iphoneos;
				SWIFT_COMPILATION_MODE = wholemodule;
				VALIDATE_PRODUCT = YES;
			};
			name = Release;
		};
		ChumianBrowserDebugConfig = {
			isa = XCBuildConfiguration;
			buildSettings = {
				ASSETCATALOG_COMPILER_APPICON_NAME = AppIcon;
				ASSETCATALOG_COMPILER_GLOBAL_ACCENT_COLOR_NAME = AccentColor;
				CODE_SIGN_STYLE = Automatic;
				CURRENT_PROJECT_VERSION = 1;
				DEVELOPMENT_ASSET_PATHS = "\"Preview Content\"";
				ENABLE_PREVIEWS = YES;
				GENERATE_INFOPLIST_FILE = NO;
				INFOPLIST_FILE = ChumianBrowser/Info.plist;
				INFOPLIST_KEY_UIApplicationSceneManifest_Generation = YES;
				INFOPLIST_KEY_UIApplicationSupportsIndirectInputEvents = YES;
				INFOPLIST_KEY_UILaunchScreen_Generation = YES;
				INFOPLIST_KEY_UISupportedInterfaceOrientations_iPad = "UIInterfaceOrientationPortrait UIInterfaceOrientationPortraitUpsideDown UIInterfaceOrientationLandscapeLeft UIInterfaceOrientationLandscapeRight";
				INFOPLIST_KEY_UISupportedInterfaceOrientations_iPhone = "UIInterfaceOrientationPortrait UIInterfaceOrientationLandscapeLeft UIInterfaceOrientationLandscapeRight";
				LD_RUNPATH_SEARCH_PATHS = (
					"$(inherited)",
					"@executable_path/Frameworks",
				);
				MARKETING_VERSION = 1.0;
				PRODUCT_BUNDLE_IDENTIFIER = com.chumian.browser;
				PRODUCT_NAME = "$(TARGET_NAME)";
				SWIFT_EMIT_LOC_STRINGS = YES;
				SWIFT_VERSION = 5.0;
				TARGETED_DEVICE_FAMILY = "1,2";
			};
			name = Debug;
		};
		ChumianBrowserReleaseConfig = {
			isa = XCBuildConfiguration;
			buildSettings = {
				ASSETCATALOG_COMPILER_APPICON_NAME = AppIcon;
				ASSETCATALOG_COMPILER_GLOBAL_ACCENT_COLOR_NAME = AccentColor;
				CODE_SIGN_STYLE = Automatic;
				CURRENT_PROJECT_VERSION = 1;
				DEVELOPMENT_ASSET_PATHS = "\"Preview Content\"";
				ENABLE_PREVIEWS = YES;
				GENERATE_INFOPLIST_FILE = NO;
				INFOPLIST_FILE = ChumianBrowser/Info.plist;
				INFOPLIST_KEY_UIApplicationSceneManifest_Generation = YES;
				INFOPLIST_KEY_UIApplicationSupportsIndirectInputEvents = YES;
				INFOPLIST_KEY_UILaunchScreen_Generation = YES;
				INFOPLIST_KEY_UISupportedInterfaceOrientations_iPad = "UIInterfaceOrientationPortrait UIInterfaceOrientationPortraitUpsideDown UIInterfaceOrientationLandscapeLeft UIInterfaceOrientationLandscapeRight";
				INFOPLIST_KEY_UISupportedInterfaceOrientations_iPhone = "UIInterfaceOrientationPortrait UIInterfaceOrientationLandscapeLeft UIInterfaceOrientationLandscapeRight";
				LD_RUNPATH_SEARCH_PATHS = (
					"$(inherited)",
					"@executable_path/Frameworks",
				);
				MARKETING_VERSION = 1.0;
				PRODUCT_BUNDLE_IDENTIFIER = com.chumian.browser;
				PRODUCT_NAME = "$(TARGET_NAME)";
				SWIFT_EMIT_LOC_STRINGS = YES;
				SWIFT_VERSION = 5.0;
				TARGETED_DEVICE_FAMILY = "1,2";
			};
			name = Release;
		};
/* End XCBuildConfiguration section */

/* Begin XCConfigurationList section */
		ProjectBuildConfigList = {
			isa = XCConfigurationList;
			buildConfigurations = (
				ProjectDebugConfig,
				ProjectReleaseConfig,
			);
			defaultConfigurationIsVisible = 0;
			defaultConfigurationName = Release;
		};
		ChumianBrowserTargetBuildConfigList = {
			isa = XCConfigurationList;
			buildConfigurations = (
				ChumianBrowserDebugConfig,
				ChumianBrowserReleaseConfig,
			);
			defaultConfigurationIsVisible = 0;
			defaultConfigurationName = Release;
		};
/* End XCConfigurationList section */
	};
	rootObject = ProjectObject;
}
